// !$*UTF8*$!
{
	archiveVersion = 1;
	classes = {
	};
	objectVersion = 46;
	objects = {

/* Begin PBXBuildFile section */
		925826541AB028A50021D8E5 /* main.m in Sources */ = {isa = PBXBuildFile; fileRef = 925826531AB028A50021D8E5 /* main.m */; };
		925826571AB028A50021D8E5 /* AppDelegate.m in Sources */ = {isa = PBXBuildFile; fileRef = 925826561AB028A50021D8E5 /* AppDelegate.m */; };
		9258265A1AB028A50021D8E5 /* ViewController.m in Sources */ = {isa = PBXBuildFile; fileRef = 925826591AB028A50021D8E5 /* ViewController.m */; };
		9258265D1AB028A50021D8E5 /* Main.storyboard in Resources */ = {isa = PBXBuildFile; fileRef = 9258265B1AB028A50021D8E5 /* Main.storyboard */; };
		9258265F1AB028A50021D8E5 /* Images.xcassets in Resources */ = {isa = PBXBuildFile; fileRef = 9258265E1AB028A50021D8E5 /* Images.xcassets */; };
		925826621AB028A50021D8E5 /* LaunchScreen.xib in Resources */ = {isa = PBXBuildFile; fileRef = 925826601AB028A50021D8E5 /* LaunchScreen.xib */; };
		9258266E1AB028A50021D8E5 /* AudioRecorderTests.m in Sources */ = {isa = PBXBuildFile; fileRef = 9258266D1AB028A50021D8E5 /* AudioRecorderTests.m */; };
		9258267A1AB02A530021D8E5 /* SPAudioRcPlayer.xib in Resources */ = {isa = PBXBuildFile; fileRef = 925826791AB02A530021D8E5 /* SPAudioRcPlayer.xib */; };
		925826801AB02ABD0021D8E5 /* SPAudioRcPlayer.m in Sources */ = {isa = PBXBuildFile; fileRef = 9258267F1AB02ABD0021D8E5 /* SPAudioRcPlayer.m */; };
		925826861AB030D60021D8E5 /* SPAudioRecordVC.m in Sources */ = {isa = PBXBuildFile; fileRef = 925826851AB030D50021D8E5 /* SPAudioRecordVC.m */; };
		925826891AB031810021D8E5 /* SAAudioRecorderVC.m in Sources */ = {isa = PBXBuildFile; fileRef = 925826881AB031810021D8E5 /* SAAudioRecorderVC.m */; };
		9258268B1AB031EA0021D8E5 /* SPAudioRecordView.xib in Resources */ = {isa = PBXBuildFile; fileRef = 9258268A1AB031EA0021D8E5 /* SPAudioRecordView.xib */; };
		9258268E1AB094780021D8E5 /* SPAudioRecordView.m in Sources */ = {isa = PBXBuildFile; fileRef = 9258268D1AB094780021D8E5 /* SPAudioRecordView.m */; };
		92F36A2A1AB2142D007ACD5E /* AVFoundation.framework in Frameworks */ = {isa = PBXBuildFile; fileRef = 92F36A291AB2142D007ACD5E /* AVFoundation.framework */; };
/* End PBXBuildFile section */

/* Begin PBXContainerItemProxy section */
		925826681AB028A50021D8E5 /* PBXContainerItemProxy */ = {
			isa = PBXContainerItemProxy;
			containerPortal = 925826461AB028A50021D8E5 /* Project object */;
			proxyType = 1;
			remoteGlobalIDString = 9258264D1AB028A50021D8E5;
			remoteInfo = AudioRecorder;
		};
/* End PBXContainerItemProxy section */

/* Begin PBXFileReference section */
		9258264E1AB028A50021D8E5 /* AudioRecorder.app */ = {isa = PBXFileReference; explicitFileType = wrapper.application; includeInIndex = 0; path = AudioRecorder.app; sourceTree = BUILT_PRODUCTS_DIR; };
		925826521AB028A50021D8E5 /* Info.plist */ = {isa = PBXFileReference; lastKnownFileType = text.plist.xml; path = Info.plist; sourceTree = "<group>"; };
		925826531AB028A50021D8E5 /* main.m */ = {isa = PBXFileReference; lastKnownFileType = sourcecode.c.objc; path = main.m; sourceTree = "<group>"; };
		925826551AB028A50021D8E5 /* AppDelegate.h */ = {isa = PBXFileReference; lastKnownFileType = sourcecode.c.h; path = AppDelegate.h; sourceTree = "<group>"; };
		925826561AB028A50021D8E5 /* AppDelegate.m */ = {isa = PBXFileReference; lastKnownFileType = sourcecode.c.objc; path = AppDelegate.m; sourceTree = "<group>"; };
		925826581AB028A50021D8E5 /* ViewController.h */ = {isa = PBXFileReference; lastKnownFileType = sourcecode.c.h; path = ViewController.h; sourceTree = "<group>"; };
		925826591AB028A50021D8E5 /* ViewController.m */ = {isa = PBXFileReference; lastKnownFileType = sourcecode.c.objc; path = ViewController.m; sourceTree = "<group>"; };
		9258265C1AB028A50021D8E5 /* Base */ = {isa = PBXFileReference; lastKnownFileType = file.storyboard; name = Base; path = Base.lproj/Main.storyboard; sourceTree = "<group>"; };
		9258265E1AB028A50021D8E5 /* Images.xcassets */ = {isa = PBXFileReference; lastKnownFileType = folder.assetcatalog; path = Images.xcassets; sourceTree = "<group>"; };
		925826611AB028A50021D8E5 /* Base */ = {isa = PBXFileReference; lastKnownFileType = file.xib; name = Base; path = Base.lproj/LaunchScreen.xib; sourceTree = "<group>"; };
		925826671AB028A50021D8E5 /* AudioRecorderTests.xctest */ = {isa = PBXFileReference; explicitFileType = wrapper.cfbundle; includeInIndex = 0; path = AudioRecorderTests.xctest; sourceTree = BUILT_PRODUCTS_DIR; };
		9258266C1AB028A50021D8E5 /* Info.plist */ = {isa = PBXFileReference; lastKnownFileType = text.plist.xml; path = Info.plist; sourceTree = "<group>"; };
		9258266D1AB028A50021D8E5 /* AudioRecorderTests.m */ = {isa = PBXFileReference; lastKnownFileType = sourcecode.c.objc; path = AudioRecorderTests.m; sourceTree = "<group>"; };
		925826791AB02A530021D8E5 /* SPAudioRcPlayer.xib */ = {isa = PBXFileReference; fileEncoding = 4; lastKnownFileType = file.xib; path = SPAudioRcPlayer.xib; sourceTree = "<group>"; };
		9258267E1AB02ABD0021D8E5 /* SPAudioRcPlayer.h */ = {isa = PBXFileReference; fileEncoding = 4; lastKnownFileType = sourcecode.c.h; path = SPAudioRcPlayer.h; sourceTree = "<group>"; };
		9258267F1AB02ABD0021D8E5 /* SPAudioRcPlayer.m */ = {isa = PBXFileReference; fileEncoding = 4; lastKnownFileType = sourcecode.c.objc; path = SPAudioRcPlayer.m; sourceTree = "<group>"; };
		925826841AB030D50021D8E5 /* SPAudioRecordVC.h */ = {isa = PBXFileReference; fileEncoding = 4; lastKnownFileType = sourcecode.c.h; path = SPAudioRecordVC.h; sourceTree = "<group>"; };
		925826851AB030D50021D8E5 /* SPAudioRecordVC.m */ = {isa = PBXFileReference; fileEncoding = 4; lastKnownFileType = sourcecode.c.objc; path = SPAudioRecordVC.m; sourceTree = "<group>"; };
		925826871AB031810021D8E5 /* SAAudioRecorderVC.h */ = {isa = PBXFileReference; fileEncoding = 4; lastKnownFileType = sourcecode.c.h; path = SAAudioRecorderVC.h; sourceTree = "<group>"; };
		925826881AB031810021D8E5 /* SAAudioRecorderVC.m */ = {isa = PBXFileReference; fileEncoding = 4; lastKnownFileType = sourcecode.c.objc; path = SAAudioRecorderVC.m; sourceTree = "<group>"; };
		9258268A1AB031EA0021D8E5 /* SPAudioRecordView.xib */ = {isa = PBXFileReference; fileEncoding = 4; lastKnownFileType = file.xib; path = SPAudioRecordView.xib; sourceTree = "<group>"; };
		9258268C1AB094780021D8E5 /* SPAudioRecordView.h */ = {isa = PBXFileReference; fileEncoding = 4; lastKnownFileType = sourcecode.c.h; path = SPAudioRecordView.h; sourceTree = "<group>"; };
		9258268D1AB094780021D8E5 /* SPAudioRecordView.m */ = {isa = PBXFileReference; fileEncoding = 4; lastKnownFileType = sourcecode.c.objc; path = SPAudioRecordView.m; sourceTree = "<group>"; };
		92F36A291AB2142D007ACD5E /* AVFoundation.framework */ = {isa = PBXFileReference; lastKnownFileType = wrapper.framework; name = AVFoundation.framework; path = System/Library/Frameworks/AVFoundation.framework; sourceTree = SDKROOT; };
/* End PBXFileReference section */

/* Begin PBXFrameworksBuildPhase section */
		9258264B1AB028A50021D8E5 /* Frameworks */ = {
			isa = PBXFrameworksBuildPhase;
			buildActionMask = 2147483647;
			files = (
				92F36A2A1AB2142D007ACD5E /* AVFoundation.framework in Frameworks */,
			);
			runOnlyForDeploymentPostprocessing = 0;
		};
		925826641AB028A50021D8E5 /* Frameworks */ = {
			isa = PBXFrameworksBuildPhase;
			buildActionMask = 2147483647;
			files = (
			);
			runOnlyForDeploymentPostprocessing = 0;
		};
/* End PBXFrameworksBuildPhase section */

/* Begin PBXGroup section */
		925826451AB028A50021D8E5 = {
			isa = PBXGroup;
			children = (
				92F36A291AB2142D007ACD5E /* AVFoundation.framework */,
				925826501AB028A50021D8E5 /* AudioRecorder */,
				9258266A1AB028A50021D8E5 /* AudioRecorderTests */,
				9258264F1AB028A50021D8E5 /* Products */,
			);
			sourceTree = "<group>";
		};
		9258264F1AB028A50021D8E5 /* Products */ = {
			isa = PBXGroup;
			children = (
				9258264E1AB028A50021D8E5 /* AudioRecorder.app */,
				925826671AB028A50021D8E5 /* AudioRecorderTests.xctest */,
			);
			name = Products;
			sourceTree = "<group>";
		};
		925826501AB028A50021D8E5 /* AudioRecorder */ = {
			isa = PBXGroup;
			children = (
				925826551AB028A50021D8E5 /* AppDelegate.h */,
				925826561AB028A50021D8E5 /* AppDelegate.m */,
				925826581AB028A50021D8E5 /* ViewController.h */,
				925826591AB028A50021D8E5 /* ViewController.m */,
				925826871AB031810021D8E5 /* SAAudioRecorderVC.h */,
				925826881AB031810021D8E5 /* SAAudioRecorderVC.m */,
				9258265B1AB028A50021D8E5 /* Main.storyboard */,
				925826841AB030D50021D8E5 /* SPAudioRecordVC.h */,
				925826851AB030D50021D8E5 /* SPAudioRecordVC.m */,
				9258268A1AB031EA0021D8E5 /* SPAudioRecordView.xib */,
				9258268C1AB094780021D8E5 /* SPAudioRecordView.h */,
				9258268D1AB094780021D8E5 /* SPAudioRecordView.m */,
				925826791AB02A530021D8E5 /* SPAudioRcPlayer.xib */,
				9258267E1AB02ABD0021D8E5 /* SPAudioRcPlayer.h */,
				9258267F1AB02ABD0021D8E5 /* SPAudioRcPlayer.m */,
				9258265E1AB028A50021D8E5 /* Images.xcassets */,
				925826601AB028A50021D8E5 /* LaunchScreen.xib */,
				925826511AB028A50021D8E5 /* Supporting Files */,
			);
			path = AudioRecorder;
			sourceTree = "<group>";
		};
		925826511AB028A50021D8E5 /* Supporting Files */ = {
			isa = PBXGroup;
			children = (
				925826521AB028A50021D8E5 /* Info.plist */,
				925826531AB028A50021D8E5 /* main.m */,
			);
			name = "Supporting Files";
			sourceTree = "<group>";
		};
		9258266A1AB028A50021D8E5 /* AudioRecorderTests */ = {
			isa = PBXGroup;
			children = (
				9258266D1AB028A50021D8E5 /* AudioRecorderTests.m */,
				9258266B1AB028A50021D8E5 /* Supporting Files */,
			);
			path = AudioRecorderTests;
			sourceTree = "<group>";
		};
		9258266B1AB028A50021D8E5 /* Supporting Files */ = {
			isa = PBXGroup;
			children = (
				9258266C1AB028A50021D8E5 /* Info.plist */,
			);
			name = "Supporting Files";
			sourceTree = "<group>";
		};
/* End PBXGroup section */

/* Begin PBXNativeTarget section */
		9258264D1AB028A50021D8E5 /* AudioRecorder */ = {
			isa = PBXNativeTarget;
			buildConfigurationList = 925826711AB028A50021D8E5 /* Build configuration list for PBXNativeTarget "AudioRecorder" */;
			buildPhases = (
				9258264A1AB028A50021D8E5 /* Sources */,
				9258264B1AB028A50021D8E5 /* Frameworks */,
				9258264C1AB028A50021D8E5 /* Resources */,
			);
			buildRules = (
			);
			dependencies = (
			);
			name = AudioRecorder;
			productName = AudioRecorder;
			productReference = 9258264E1AB028A50021D8E5 /* AudioRecorder.app */;
			productType = "com.apple.product-type.application";
		};
		925826661AB028A50021D8E5 /* AudioRecorderTests */ = {
			isa = PBXNativeTarget;
			buildConfigurationList = 925826741AB028A50021D8E5 /* Build configuration list for PBXNativeTarget "AudioRecorderTests" */;
			buildPhases = (
				925826631AB028A50021D8E5 /* Sources */,
				925826641AB028A50021D8E5 /* Frameworks */,
				925826651AB028A50021D8E5 /* Resources */,
			);
			buildRules = (
			);
			dependencies = (
				925826691AB028A50021D8E5 /* PBXTargetDependency */,
			);
			name = AudioRecorderTests;
			productName = AudioRecorderTests;
			productReference = 925826671AB028A50021D8E5 /* AudioRecorderTests.xctest */;
			productType = "com.apple.product-type.bundle.unit-test";
		};
/* End PBXNativeTarget section */

/* Begin PBXProject section */
		925826461AB028A50021D8E5 /* Project object */ = {
			isa = PBXProject;
			attributes = {
				LastUpgradeCheck = 0610;
				ORGANIZATIONNAME = "Azat Minvaliev";
				TargetAttributes = {
					9258264D1AB028A50021D8E5 = {
						CreatedOnToolsVersion = 6.1.1;
					};
					925826661AB028A50021D8E5 = {
						CreatedOnToolsVersion = 6.1.1;
						TestTargetID = 9258264D1AB028A50021D8E5;
					};
				};
			};
			buildConfigurationList = 925826491AB028A50021D8E5 /* Build configuration list for PBXProject "AudioRecorder" */;
			compatibilityVersion = "Xcode 3.2";
			developmentRegion = English;
			hasScannedForEncodings = 0;
			knownRegions = (
				en,
				Base,
			);
			mainGroup = 925826451AB028A50021D8E5;
			productRefGroup = 9258264F1AB028A50021D8E5 /* Products */;
			projectDirPath = "";
			projectRoot = "";
			targets = (
				9258264D1AB028A50021D8E5 /* AudioRecorder */,
				925826661AB028A50021D8E5 /* AudioRecorderTests */,
			);
		};
/* End PBXProject section */

/* Begin PBXResourcesBuildPhase section */
		9258264C1AB028A50021D8E5 /* Resources */ = {
			isa = PBXResourcesBuildPhase;
			buildActionMask = 2147483647;
			files = (
				9258265D1AB028A50021D8E5 /* Main.storyboard in Resources */,
				925826621AB028A50021D8E5 /* LaunchScreen.xib in Resources */,
				9258265F1AB028A50021D8E5 /* Images.xcassets in Resources */,
				9258268B1AB031EA0021D8E5 /* SPAudioRecordView.xib in Resources */,
				9258267A1AB02A530021D8E5 /* SPAudioRcPlayer.xib in Resources */,
			);
			runOnlyForDeploymentPostprocessing = 0;
		};
		925826651AB028A50021D8E5 /* Resources */ = {
			isa = PBXResourcesBuildPhase;
			buildActionMask = 2147483647;
			files = (
			);
			runOnlyForDeploymentPostprocessing = 0;
		};
/* End PBXResourcesBuildPhase section */

/* Begin PBXSourcesBuildPhase section */
		9258264A1AB028A50021D8E5 /* Sources */ = {
			isa = PBXSourcesBuildPhase;
			buildActionMask = 2147483647;
			files = (
				9258265A1AB028A50021D8E5 /* ViewController.m in Sources */,
				925826891AB031810021D8E5 /* SAAudioRecorderVC.m in Sources */,
				925826571AB028A50021D8E5 /* AppDelegate.m in Sources */,
				925826861AB030D60021D8E5 /* SPAudioRecordVC.m in Sources */,
				9258268E1AB094780021D8E5 /* SPAudioRecordView.m in Sources */,
				925826541AB028A50021D8E5 /* main.m in Sources */,
				925826801AB02ABD0021D8E5 /* SPAudioRcPlayer.m in Sources */,
			);
			runOnlyForDeploymentPostprocessing = 0;
		};
		925826631AB028A50021D8E5 /* Sources */ = {
			isa = PBXSourcesBuildPhase;
			buildActionMask = 2147483647;
			files = (
				9258266E1AB028A50021D8E5 /* AudioRecorderTests.m in Sources */,
			);
			runOnlyForDeploymentPostprocessing = 0;
		};
/* End PBXSourcesBuildPhase section */

/* Begin PBXTargetDependency section */
		925826691AB028A50021D8E5 /* PBXTargetDependency */ = {
			isa = PBXTargetDependency;
			target = 9258264D1AB028A50021D8E5 /* AudioRecorder */;
			targetProxy = 925826681AB028A50021D8E5 /* PBXContainerItemProxy */;
		};
/* End PBXTargetDependency section */

/* Begin PBXVariantGroup section */
		9258265B1AB028A50021D8E5 /* Main.storyboard */ = {
			isa = PBXVariantGroup;
			children = (
				9258265C1AB028A50021D8E5 /* Base */,
			);
			name = Main.storyboard;
			sourceTree = "<group>";
		};
		925826601AB028A50021D8E5 /* LaunchScreen.xib */ = {
			isa = PBXVariantGroup;
			children = (
				925826611AB028A50021D8E5 /* Base */,
			);
			name = LaunchScreen.xib;
			sourceTree = "<group>";
		};
/* End PBXVariantGroup section */

/* Begin XCBuildConfiguration section */
		9258266F1AB028A50021D8E5 /* Debug */ = {
			isa = XCBuildConfiguration;
			buildSettings = {
				ALWAYS_SEARCH_USER_PATHS = NO;
				CLANG_CXX_LANGUAGE_STANDARD = "gnu++0x";
				CLANG_CXX_LIBRARY = "libc++";
				CLANG_ENABLE_MODULES = YES;
				CLANG_ENABLE_OBJC_ARC = YES;
				CLANG_WARN_BOOL_CONVERSION = YES;
				CLANG_WARN_CONSTANT_CONVERSION = YES;
				CLANG_WARN_DIRECT_OBJC_ISA_USAGE = YES_ERROR;
				CLANG_WARN_EMPTY_BODY = YES;
				CLANG_WARN_ENUM_CONVERSION = YES;
				CLANG_WARN_INT_CONVERSION = YES;
				CLANG_WARN_OBJC_ROOT_CLASS = YES_ERROR;
				CLANG_WARN_UNREACHABLE_CODE = YES;
				CLANG_WARN__DUPLICATE_METHOD_MATCH = YES;
				"CODE_SIGN_IDENTITY[sdk=iphoneos*]" = "iPhone Developer";
				COPY_PHASE_STRIP = NO;
				ENABLE_STRICT_OBJC_MSGSEND = YES;
				GCC_C_LANGUAGE_STANDARD = gnu99;
				GCC_DYNAMIC_NO_PIC = NO;
				GCC_OPTIMIZATION_LEVEL = 0;
				GCC_PREPROCESSOR_DEFINITIONS = (
					"DEBUG=1",
					"$(inherited)",
				);
				GCC_SYMBOLS_PRIVATE_EXTERN = NO;
				GCC_WARN_64_TO_32_BIT_CONVERSION = YES;
				GCC_WARN_ABOUT_RETURN_TYPE = YES_ERROR;
				GCC_WARN_UNDECLARED_SELECTOR = YES;
				GCC_WARN_UNINITIALIZED_AUTOS = YES_AGGRESSIVE;
				GCC_WARN_UNUSED_FUNCTION = YES;
				GCC_WARN_UNUSED_VARIABLE = YES;
				IPHONEOS_DEPLOYMENT_TARGET = 8.1;
				MTL_ENABLE_DEBUG_INFO = YES;
				ONLY_ACTIVE_ARCH = YES;
				SDKROOT = iphoneos;
			};
			name = Debug;
		};
		925826701AB028A50021D8E5 /* Release */ = {
			isa = XCBuildConfiguration;
			buildSettings = {
				ALWAYS_SEARCH_USER_PATHS = NO;
				CLANG_CXX_LANGUAGE_STANDARD = "gnu++0x";
				CLANG_CXX_LIBRARY = "libc++";
				CLANG_ENABLE_MODULES = YES;
				CLANG_ENABLE_OBJC_ARC = YES;
				CLANG_WARN_BOOL_CONVERSION = YES;
				CLANG_WARN_CONSTANT_CONVERSION = YES;
				CLANG_WARN_DIRECT_OBJC_ISA_USAGE = YES_ERROR;
				CLANG_WARN_EMPTY_BODY = YES;
				CLANG_WARN_ENUM_CONVERSION = YES;
				CLANG_WARN_INT_CONVERSION = YES;
				CLANG_WARN_OBJC_ROOT_CLASS = YES_ERROR;
				CLANG_WARN_UNREACHABLE_CODE = YES;
				CLANG_WARN__DUPLICATE_METHOD_MATCH = YES;
				"CODE_SIGN_IDENTITY[sdk=iphoneos*]" = "iPhone Developer";
				COPY_PHASE_STRIP = YES;
				ENABLE_NS_ASSERTIONS = NO;
				ENABLE_STRICT_OBJC_MSGSEND = YES;
				GCC_C_LANGUAGE_STANDARD = gnu99;
				GCC_WARN_64_TO_32_BIT_CONVERSION = YES;
				GCC_WARN_ABOUT_RETURN_TYPE = YES_ERROR;
				GCC_WARN_UNDECLARED_SELECTOR = YES;
				GCC_WARN_UNINITIALIZED_AUTOS = YES_AGGRESSIVE;
				GCC_WARN_UNUSED_FUNCTION = YES;
				GCC_WARN_UNUSED_VARIABLE = YES;
				IPHONEOS_DEPLOYMENT_TARGET = 8.1;
				MTL_ENABLE_DEBUG_INFO = NO;
				SDKROOT = iphoneos;
				VALIDATE_PRODUCT = YES;
			};
			name = Release;
		};
		925826721AB028A50021D8E5 /* Debug */ = {
			isa = XCBuildConfiguration;
			buildSettings = {
				ASSETCATALOG_COMPILER_APPICON_NAME = AppIcon;
				INFOPLIST_FILE = AudioRecorder/Info.plist;
				LD_RUNPATH_SEARCH_PATHS = "$(inherited) @executable_path/Frameworks";
				PRODUCT_NAME = "$(TARGET_NAME)";
			};
			name = Debug;
		};
		925826731AB028A50021D8E5 /* Release */ = {
			isa = XCBuildConfiguration;
			buildSettings = {
				ASSETCATALOG_COMPILER_APPICON_NAME = AppIcon;
				INFOPLIST_FILE = AudioRecorder/Info.plist;
				LD_RUNPATH_SEARCH_PATHS = "$(inherited) @executable_path/Frameworks";
				PRODUCT_NAME = "$(TARGET_NAME)";
			};
			name = Release;
		};
		925826751AB028A50021D8E5 /* Debug */ = {
			isa = XCBuildConfiguration;
			buildSettings = {
				BUNDLE_LOADER = "$(TEST_HOST)";
				FRAMEWORK_SEARCH_PATHS = (
					"$(SDKROOT)/Developer/Library/Frameworks",
					"$(inherited)",
				);
				GCC_PREPROCESSOR_DEFINITIONS = (
					"DEBUG=1",
					"$(inherited)",
				);
				INFOPLIST_FILE = AudioRecorderTests/Info.plist;
				LD_RUNPATH_SEARCH_PATHS = "$(inherited) @executable_path/Frameworks @loader_path/Frameworks";
				PRODUCT_NAME = "$(TARGET_NAME)";
				TEST_HOST = "$(BUILT_PRODUCTS_DIR)/AudioRecorder.app/AudioRecorder";
			};
			name = Debug;
		};
		925826761AB028A50021D8E5 /* Release */ = {
			isa = XCBuildConfiguration;
			buildSettings = {
				BUNDLE_LOADER = "$(TEST_HOST)";
				FRAMEWORK_SEARCH_PATHS = (
					"$(SDKROOT)/Developer/Library/Frameworks",
					"$(inherited)",
				);
				INFOPLIST_FILE = AudioRecorderTests/Info.plist;
				LD_RUNPATH_SEARCH_PATHS = "$(inherited) @executable_path/Frameworks @loader_path/Frameworks";
				PRODUCT_NAME = "$(TARGET_NAME)";
				TEST_HOST = "$(BUILT_PRODUCTS_DIR)/AudioRecorder.app/AudioRecorder";
			};
			name = Release;
		};
/* End XCBuildConfiguration section */

/* Begin XCConfigurationList section */
		925826491AB028A50021D8E5 /* Build configuration list for PBXProject "AudioRecorder" */ = {
			isa = XCConfigurationList;
			buildConfigurations = (
				9258266F1AB028A50021D8E5 /* Debug */,
				925826701AB028A50021D8E5 /* Release */,
			);
			defaultConfigurationIsVisible = 0;
			defaultConfigurationName = Release;
		};
		925826711AB028A50021D8E5 /* Build configuration list for PBXNativeTarget "AudioRecorder" */ = {
			isa = XCConfigurationList;
			buildConfigurations = (
				925826721AB028A50021D8E5 /* Debug */,
				925826731AB028A50021D8E5 /* Release */,
			);
			defaultConfigurationIsVisible = 0;
			defaultConfigurationName = Release;
		};
		925826741AB028A50021D8E5 /* Build configuration list for PBXNativeTarget "AudioRecorderTests" */ = {
			isa = XCConfigurationList;
			buildConfigurations = (
				925826751AB028A50021D8E5 /* Debug */,
				925826761AB028A50021D8E5 /* Release */,
			);
			defaultConfigurationIsVisible = 0;
			defaultConfigurationName = Release;
		};
/* End XCConfigurationList section */
	};
	rootObject = 925826461AB028A50021D8E5 /* Project object */;
}
